
Microsoft Visual Studio Solution File, Format Version 12.00
# Visual Studio Version 16
VisualStudioVersion = 16.0.30320.27
MinimumVisualStudioVersion = 10.0.40219.1
Project("{9A19103F-16F7-4668-BE54-9A1E7A4F7556}") = "BuildDemo.App", "BuildDemo.App\BuildDemo.App.csproj", "{591E2D87-1F6B-4877-8A63-BD9113CB21D4}"
EndProject
Project("{9A19103F-16F7-4668-BE54-9A1E7A4F7556}") = "BuildDemo.CoreApp", "BuildDemo.CoreApp\BuildDemo.CoreApp.csproj", "{C3879A2A-86B2-452A-9A1D-5B1CE5646461}"
EndProject
Project("{2150E333-8FDC-42A3-9474-1A3956D46DE8}") = "Solution Items", "Solution Items", "{96161A26-609D-4FA4-88C2-87B6476EBFED}"
	ProjectSection(SolutionItems) = preProject
		Build.bat = Build.bat
		_out\build.binlog = _out\build.binlog
		Clean.bat = Clean.bat
		Pack.bat = Pack.bat
		Rebuild.bat = Rebuild.bat
	EndProjectSection
EndProject
Global
	GlobalSection(SolutionConfigurationPlatforms) = preSolution
		Debug|Any CPU = Debug|Any CPU
		Release|Any CPU = Release|Any CPU
	EndGlobalSection
	GlobalSection(ProjectConfigurationPlatforms) = postSolution
		{591E2D87-1F6B-4877-8A63-BD9113CB21D4}.Debug|Any CPU.ActiveCfg = Debug|Any CPU
		{591E2D87-1F6B-4877-8A63-BD9113CB21D4}.Debug|Any CPU.Build.0 = Debug|Any CPU
		{591E2D87-1F6B-4877-8A63-BD9113CB21D4}.Release|Any CPU.ActiveCfg = Release|Any CPU
		{591E2D87-1F6B-4877-8A63-BD9113CB21D4}.Release|Any CPU.Build.0 = Release|Any CPU
		{C3879A2A-86B2-452A-9A1D-5B1CE5646461}.Debug|Any CPU.ActiveCfg = Debug|Any CPU
		{C3879A2A-86B2-452A-9A1D-5B1CE5646461}.Debug|Any CPU.Build.0 = Debug|Any CPU
		{C3879A2A-86B2-452A-9A1D-5B1CE5646461}.Release|Any CPU.ActiveCfg = Release|Any CPU
		{C3879A2A-86B2-452A-9A1D-5B1CE5646461}.Release|Any CPU.Build.0 = Release|Any CPU
	EndGlobalSection
	GlobalSection(SolutionProperties) = preSolution
		HideSolutionNode = FALSE
	EndGlobalSection
	GlobalSection(ExtensibilityGlobals) = postSolution
		SolutionGuid = {061C0B69-1418-4CBE-B061-ED679BEC3FB5}
	EndGlobalSection
EndGlobal
